
Microsoft Visual Studio Solution File, Format Version 12.00
# Visual Studio Version 17
VisualStudioVersion = 17.3.32825.248
MinimumVisualStudioVersion = 10.0.40219.1
Project("{FAE04EC0-301F-11D3-BF4B-00C04F79EFBC}") = "328419122", "328419122\328419122.csproj", "{82A7FB0D-CCD9-488E-80C5-875EDBC55539}"
EndProject
Global
	GlobalSection(SolutionConfigurationPlatforms) = preSolution
		Debug|Any CPU = Debug|Any CPU
		Release|Any CPU = Release|Any CPU
	EndGlobalSection
	GlobalSection(ProjectConfigurationPlatforms) = postSolution
		{82A7FB0D-CCD9-488E-80C5-875EDBC55539}.Debug|Any CPU.ActiveCfg = Debug|Any CPU
		{82A7FB0D-CCD9-488E-80C5-875EDBC55539}.Debug|Any CPU.Build.0 = Debug|Any CPU
		{82A7FB0D-CCD9-488E-80C5-875EDBC55539}.Release|Any CPU.ActiveCfg = Release|Any CPU
		{82A7FB0D-CCD9-488E-80C5-875EDBC55539}.Release|Any CPU.Build.0 = Release|Any CPU
	EndGlobalSection
	GlobalSection(SolutionProperties) = preSolution
		HideSolutionNode = FALSE
	EndGlobalSection
	GlobalSection(ExtensibilityGlobals) = postSolution
		SolutionGuid = {BC596D40-9D6C-4AC5-A183-7B24B4E3B8F4}
	EndGlobalSection
EndGlobal
